
Microsoft Visual Studio Solution File, Format Version 12.00
# Visual Studio Version 17
VisualStudioVersion = 17.7.34031.279
MinimumVisualStudioVersion = 10.0.40219.1
Project("{FAE04EC0-301F-11D3-BF4B-00C04F79EFBC}") = "task_3_hw#1", "task_3_hw#1\task_3_hw#1.csproj", "{2E912145-2875-476A-B0E8-DF3C93DC3560}"
EndProject
Global
	GlobalSection(SolutionConfigurationPlatforms) = preSolution
		Debug|Any CPU = Debug|Any CPU
		Release|Any CPU = Release|Any CPU
	EndGlobalSection
	GlobalSection(ProjectConfigurationPlatforms) = postSolution
		{2E912145-2875-476A-B0E8-DF3C93DC3560}.Debug|Any CPU.ActiveCfg = Debug|Any CPU
		{2E912145-2875-476A-B0E8-DF3C93DC3560}.Debug|Any CPU.Build.0 = Debug|Any CPU
		{2E912145-2875-476A-B0E8-DF3C93DC3560}.Release|Any CPU.ActiveCfg = Release|Any CPU
		{2E912145-2875-476A-B0E8-DF3C93DC3560}.Release|Any CPU.Build.0 = Release|Any CPU
	EndGlobalSection
	GlobalSection(SolutionProperties) = preSolution
		HideSolutionNode = FALSE
	EndGlobalSection
	GlobalSection(ExtensibilityGlobals) = postSolution
		SolutionGuid = {F70F5C1E-EBF9-441C-8D48-B986A11197EE}
	EndGlobalSection
EndGlobal
